
Microsoft Visual Studio Solution File, Format Version 12.00
# Visual Studio Version 17
VisualStudioVersion = 17.9.34622.214
MinimumVisualStudioVersion = 10.0.40219.1
Project("{FAE04EC0-301F-11D3-BF4B-00C04F79EFBC}") = "backend-server-mvc", "backend-server-mvc\backend-server-mvc.csproj", "{52471C08-F1D8-48E9-B484-4EAA79A1327D}"
EndProject
Global
	GlobalSection(SolutionConfigurationPlatforms) = preSolution
		Debug|Any CPU = Debug|Any CPU
		Release|Any CPU = Release|Any CPU
	EndGlobalSection
	GlobalSection(ProjectConfigurationPlatforms) = postSolution
		{52471C08-F1D8-48E9-B484-4EAA79A1327D}.Debug|Any CPU.ActiveCfg = Debug|Any CPU
		{52471C08-F1D8-48E9-B484-4EAA79A1327D}.Debug|Any CPU.Build.0 = Debug|Any CPU
		{52471C08-F1D8-48E9-B484-4EAA79A1327D}.Release|Any CPU.ActiveCfg = Release|Any CPU
		{52471C08-F1D8-48E9-B484-4EAA79A1327D}.Release|Any CPU.Build.0 = Release|Any CPU
	EndGlobalSection
	GlobalSection(SolutionProperties) = preSolution
		HideSolutionNode = FALSE
	EndGlobalSection
	GlobalSection(ExtensibilityGlobals) = postSolution
		SolutionGuid = {E1D29A03-6E3B-43FB-AE8E-562F7CD6E103}
	EndGlobalSection
EndGlobal
